
Microsoft Visual Studio Solution File, Format Version 12.00
# Visual Studio Version 16
VisualStudioVersion = 16.0.29123.88
MinimumVisualStudioVersion = 10.0.40219.1
Project("{2150E333-8FDC-42A3-9474-1A3956D46DE8}") = "Solution Items", "Solution Items", "{2B85E213-FCF8-4E07-8FAC-26A1B982D3CF}"
	ProjectSection(SolutionItems) = preProject
		.gitignore = .gitignore
	EndProjectSection
EndProject
Project("{2150E333-8FDC-42A3-9474-1A3956D46DE8}") = "Core", "Core", "{4E2B64DB-996E-4C15-90E0-C949B1F76468}"
EndProject
Project("{FAE04EC0-301F-11D3-BF4B-00C04F79EFBC}") = "Core.Data", "Core.Data\Core.Data.csproj", "{399B24EF-0428-48CB-AD46-8C8C2A32164D}"
EndProject
Project("{FAE04EC0-301F-11D3-BF4B-00C04F79EFBC}") = "Core.Domain", "Core.Domain\Core.Domain.csproj", "{177A2799-BF79-48D5-9E47-0750D7853986}"
EndProject
Project("{FAE04EC0-301F-11D3-BF4B-00C04F79EFBC}") = "Core.Tests", "Core.Tests\Core.Tests.csproj", "{4FD9496D-21CE-487B-AB33-AE4455832C7C}"
EndProject
Global
	GlobalSection(SolutionConfigurationPlatforms) = preSolution
		Debug|Any CPU = Debug|Any CPU
		Release|Any CPU = Release|Any CPU
	EndGlobalSection
	GlobalSection(ProjectConfigurationPlatforms) = postSolution
		{399B24EF-0428-48CB-AD46-8C8C2A32164D}.Debug|Any CPU.ActiveCfg = Debug|Any CPU
		{399B24EF-0428-48CB-AD46-8C8C2A32164D}.Debug|Any CPU.Build.0 = Debug|Any CPU
		{399B24EF-0428-48CB-AD46-8C8C2A32164D}.Release|Any CPU.ActiveCfg = Release|Any CPU
		{399B24EF-0428-48CB-AD46-8C8C2A32164D}.Release|Any CPU.Build.0 = Release|Any CPU
		{177A2799-BF79-48D5-9E47-0750D7853986}.Debug|Any CPU.ActiveCfg = Debug|Any CPU
		{177A2799-BF79-48D5-9E47-0750D7853986}.Debug|Any CPU.Build.0 = Debug|Any CPU
		{177A2799-BF79-48D5-9E47-0750D7853986}.Release|Any CPU.ActiveCfg = Release|Any CPU
		{177A2799-BF79-48D5-9E47-0750D7853986}.Release|Any CPU.Build.0 = Release|Any CPU
		{4FD9496D-21CE-487B-AB33-AE4455832C7C}.Debug|Any CPU.ActiveCfg = Debug|Any CPU
		{4FD9496D-21CE-487B-AB33-AE4455832C7C}.Debug|Any CPU.Build.0 = Debug|Any CPU
		{4FD9496D-21CE-487B-AB33-AE4455832C7C}.Release|Any CPU.ActiveCfg = Release|Any CPU
		{4FD9496D-21CE-487B-AB33-AE4455832C7C}.Release|Any CPU.Build.0 = Release|Any CPU
	EndGlobalSection
	GlobalSection(SolutionProperties) = preSolution
		HideSolutionNode = FALSE
	EndGlobalSection
	GlobalSection(NestedProjects) = preSolution
		{399B24EF-0428-48CB-AD46-8C8C2A32164D} = {4E2B64DB-996E-4C15-90E0-C949B1F76468}
		{177A2799-BF79-48D5-9E47-0750D7853986} = {4E2B64DB-996E-4C15-90E0-C949B1F76468}
		{4FD9496D-21CE-487B-AB33-AE4455832C7C} = {4E2B64DB-996E-4C15-90E0-C949B1F76468}
	EndGlobalSection
	GlobalSection(ExtensibilityGlobals) = postSolution
		SolutionGuid = {B961E683-3F7C-42E7-84A2-ED96D1673D68}
	EndGlobalSection
EndGlobal
