
Microsoft Visual Studio Solution File, Format Version 12.00
# Visual Studio Version 16
VisualStudioVersion = 16.0.29123.88
MinimumVisualStudioVersion = 10.0.40219.1
Project("{FAE04EC0-301F-11D3-BF4B-00C04F79EFBC}") = "EbookFileManager", "EbookFileManager\EbookFileManager.csproj", "{3121335E-33CB-4F34-A11F-BD1FFA77D67C}"
EndProject
Project("{2150E333-8FDC-42A3-9474-1A3956D46DE8}") = "Solution Items", "Solution Items", "{2B85E213-FCF8-4E07-8FAC-26A1B982D3CF}"
	ProjectSection(SolutionItems) = preProject
		.gitignore = .gitignore
	EndProjectSection
EndProject
Global
	GlobalSection(SolutionConfigurationPlatforms) = preSolution
		Debug|Any CPU = Debug|Any CPU
		Release|Any CPU = Release|Any CPU
	EndGlobalSection
	GlobalSection(ProjectConfigurationPlatforms) = postSolution
		{3121335E-33CB-4F34-A11F-BD1FFA77D67C}.Debug|Any CPU.ActiveCfg = Debug|Any CPU
		{3121335E-33CB-4F34-A11F-BD1FFA77D67C}.Debug|Any CPU.Build.0 = Debug|Any CPU
		{3121335E-33CB-4F34-A11F-BD1FFA77D67C}.Release|Any CPU.ActiveCfg = Release|Any CPU
		{3121335E-33CB-4F34-A11F-BD1FFA77D67C}.Release|Any CPU.Build.0 = Release|Any CPU
	EndGlobalSection
	GlobalSection(SolutionProperties) = preSolution
		HideSolutionNode = FALSE
	EndGlobalSection
	GlobalSection(ExtensibilityGlobals) = postSolution
		SolutionGuid = {B961E683-3F7C-42E7-84A2-ED96D1673D68}
	EndGlobalSection
EndGlobal
